// !$*UTF8*$!
{
	archiveVersion = 1;
	classes = {
	};
	objectVersion = 50;
	objects = {

/* Begin PBXBuildFile section */
		4D621BEB2388C21683930BA6 /* Pods_rouletteApp.framework in Frameworks */ = {isa = PBXBuildFile; fileRef = 1BDBC4B439511B13DC7E30DB /* Pods_rouletteApp.framework */; };
		9F06AF552193C9AB00D088B9 /* waku.jpg in Resources */ = {isa = PBXBuildFile; fileRef = 9F06AF542193C9AB00D088B9 /* waku.jpg */; };
		9FE7A5052192B1FD0059C131 /* AppDelegate.swift in Sources */ = {isa = PBXBuildFile; fileRef = 9FE7A5042192B1FD0059C131 /* AppDelegate.swift */; };
		9FE7A5072192B1FD0059C131 /* ViewController.swift in Sources */ = {isa = PBXBuildFile; fileRef = 9FE7A5062192B1FD0059C131 /* ViewController.swift */; };
		9FE7A50A2192B1FD0059C131 /* Main.storyboard in Resources */ = {isa = PBXBuildFile; fileRef = 9FE7A5082192B1FD0059C131 /* Main.storyboard */; };
		9FE7A50C2192B1FF0059C131 /* Assets.xcassets in Resources */ = {isa = PBXBuildFile; fileRef = 9FE7A50B2192B1FF0059C131 /* Assets.xcassets */; };
		9FE7A50F2192B1FF0059C131 /* LaunchScreen.storyboard in Resources */ = {isa = PBXBuildFile; fileRef = 9FE7A50D2192B1FF0059C131 /* LaunchScreen.storyboard */; };
		9FE7A5172192B3E90059C131 /* piko5.mp3 in Resources */ = {isa = PBXBuildFile; fileRef = 9FE7A5162192B3E90059C131 /* piko5.mp3 */; };
		9FE7A5192192B3F40059C131 /* finsish1.mp3 in Resources */ = {isa = PBXBuildFile; fileRef = 9FE7A5182192B3F40059C131 /* finsish1.mp3 */; };
		9FE7A51B2192C7C70059C131 /* ざわ.jpg in Resources */ = {isa = PBXBuildFile; fileRef = 9FE7A51A2192C7C70059C131 /* ざわ.jpg */; };
/* End PBXBuildFile section */

/* Begin PBXFileReference section */
		1BDBC4B439511B13DC7E30DB /* Pods_rouletteApp.framework */ = {isa = PBXFileReference; explicitFileType = wrapper.framework; includeInIndex = 0; path = Pods_rouletteApp.framework; sourceTree = BUILT_PRODUCTS_DIR; };
		9F06AF542193C9AB00D088B9 /* waku.jpg */ = {isa = PBXFileReference; lastKnownFileType = image.jpeg; path = waku.jpg; sourceTree = "<group>"; };
		9FE7A5012192B1FD0059C131 /* rouletteApp.app */ = {isa = PBXFileReference; explicitFileType = wrapper.application; includeInIndex = 0; path = rouletteApp.app; sourceTree = BUILT_PRODUCTS_DIR; };
		9FE7A5042192B1FD0059C131 /* AppDelegate.swift */ = {isa = PBXFileReference; lastKnownFileType = sourcecode.swift; path = AppDelegate.swift; sourceTree = "<group>"; };
		9FE7A5062192B1FD0059C131 /* ViewController.swift */ = {isa = PBXFileReference; lastKnownFileType = sourcecode.swift; path = ViewController.swift; sourceTree = "<group>"; };
		9FE7A5092192B1FD0059C131 /* Base */ = {isa = PBXFileReference; lastKnownFileType = file.storyboard; name = Base; path = Base.lproj/Main.storyboard; sourceTree = "<group>"; };
		9FE7A50B2192B1FF0059C131 /* Assets.xcassets */ = {isa = PBXFileReference; lastKnownFileType = folder.assetcatalog; path = Assets.xcassets; sourceTree = "<group>"; };
		9FE7A50E2192B1FF0059C131 /* Base */ = {isa = PBXFileReference; lastKnownFileType = file.storyboard; name = Base; path = Base.lproj/LaunchScreen.storyboard; sourceTree = "<group>"; };
		9FE7A5102192B1FF0059C131 /* Info.plist */ = {isa = PBXFileReference; lastKnownFileType = text.plist.xml; path = Info.plist; sourceTree = "<group>"; };
		9FE7A5162192B3E90059C131 /* piko5.mp3 */ = {isa = PBXFileReference; lastKnownFileType = audio.mp3; path = piko5.mp3; sourceTree = "<group>"; };
		9FE7A5182192B3F40059C131 /* finsish1.mp3 */ = {isa = PBXFileReference; lastKnownFileType = audio.mp3; path = finsish1.mp3; sourceTree = "<group>"; };
		9FE7A51A2192C7C70059C131 /* ざわ.jpg */ = {isa = PBXFileReference; lastKnownFileType = image.jpeg; path = "ざわ.jpg"; sourceTree = "<group>"; };
		B735BBFAF3C3A4130FD41463 /* Pods-rouletteApp.debug.xcconfig */ = {isa = PBXFileReference; includeInIndex = 1; lastKnownFileType = text.xcconfig; name = "Pods-rouletteApp.debug.xcconfig"; path = "Pods/Target Support Files/Pods-rouletteApp/Pods-rouletteApp.debug.xcconfig"; sourceTree = "<group>"; };
		EC8E5FDAAFC86F58AF78C96B /* Pods-rouletteApp.release.xcconfig */ = {isa = PBXFileReference; includeInIndex = 1; lastKnownFileType = text.xcconfig; name = "Pods-rouletteApp.release.xcconfig"; path = "Pods/Target Support Files/Pods-rouletteApp/Pods-rouletteApp.release.xcconfig"; sourceTree = "<group>"; };
/* End PBXFileReference section */

/* Begin PBXFrameworksBuildPhase section */
		9FE7A4FE2192B1FD0059C131 /* Frameworks */ = {
			isa = PBXFrameworksBuildPhase;
			buildActionMask = 2147483647;
			files = (
				4D621BEB2388C21683930BA6 /* Pods_rouletteApp.framework in Frameworks */,
			);
			runOnlyForDeploymentPostprocessing = 0;
		};
/* End PBXFrameworksBuildPhase section */

/* Begin PBXGroup section */
		4A93F5EB9D94AA612099BC7C /* Pods */ = {
			isa = PBXGroup;
			children = (
				B735BBFAF3C3A4130FD41463 /* Pods-rouletteApp.debug.xcconfig */,
				EC8E5FDAAFC86F58AF78C96B /* Pods-rouletteApp.release.xcconfig */,
			);
			name = Pods;
			sourceTree = "<group>";
		};
		9FE7A4F82192B1FD0059C131 = {
			isa = PBXGroup;
			children = (
				9FE7A5032192B1FD0059C131 /* rouletteApp */,
				9FE7A5022192B1FD0059C131 /* Products */,
				4A93F5EB9D94AA612099BC7C /* Pods */,
				E3C714A000CDEDD7C0A9EC61 /* Frameworks */,
			);
			sourceTree = "<group>";
		};
		9FE7A5022192B1FD0059C131 /* Products */ = {
			isa = PBXGroup;
			children = (
				9FE7A5012192B1FD0059C131 /* rouletteApp.app */,
			);
			name = Products;
			sourceTree = "<group>";
		};
		9FE7A5032192B1FD0059C131 /* rouletteApp */ = {
			isa = PBXGroup;
			children = (
				9F06AF542193C9AB00D088B9 /* waku.jpg */,
				9FE7A5162192B3E90059C131 /* piko5.mp3 */,
				9FE7A5182192B3F40059C131 /* finsish1.mp3 */,
				9FE7A5042192B1FD0059C131 /* AppDelegate.swift */,
				9FE7A5062192B1FD0059C131 /* ViewController.swift */,
				9FE7A5082192B1FD0059C131 /* Main.storyboard */,
				9FE7A51A2192C7C70059C131 /* ざわ.jpg */,
				9FE7A50B2192B1FF0059C131 /* Assets.xcassets */,
				9FE7A50D2192B1FF0059C131 /* LaunchScreen.storyboard */,
				9FE7A5102192B1FF0059C131 /* Info.plist */,
			);
			path = rouletteApp;
			sourceTree = "<group>";
		};
		E3C714A000CDEDD7C0A9EC61 /* Frameworks */ = {
			isa = PBXGroup;
			children = (
				1BDBC4B439511B13DC7E30DB /* Pods_rouletteApp.framework */,
			);
			name = Frameworks;
			sourceTree = "<group>";
		};
/* End PBXGroup section */

/* Begin PBXNativeTarget section */
		9FE7A5002192B1FD0059C131 /* rouletteApp */ = {
			isa = PBXNativeTarget;
			buildConfigurationList = 9FE7A5132192B1FF0059C131 /* Build configuration list for PBXNativeTarget "rouletteApp" */;
			buildPhases = (
				BC0451FD978B259896C35A42 /* [CP] Check Pods Manifest.lock */,
				9FE7A4FD2192B1FD0059C131 /* Sources */,
				9FE7A4FE2192B1FD0059C131 /* Frameworks */,
				9FE7A4FF2192B1FD0059C131 /* Resources */,
				53256923D986ABD55AE51389 /* [CP] Embed Pods Frameworks */,
			);
			buildRules = (
			);
			dependencies = (
			);
			name = rouletteApp;
			productName = rouletteApp;
			productReference = 9FE7A5012192B1FD0059C131 /* rouletteApp.app */;
			productType = "com.apple.product-type.application";
		};
/* End PBXNativeTarget section */

/* Begin PBXProject section */
		9FE7A4F92192B1FD0059C131 /* Project object */ = {
			isa = PBXProject;
			attributes = {
				LastSwiftUpdateCheck = 1000;
				LastUpgradeCheck = 1000;
				ORGANIZATIONNAME = "小泉大夢";
				TargetAttributes = {
					9FE7A5002192B1FD0059C131 = {
						CreatedOnToolsVersion = 10.0;
					};
				};
			};
			buildConfigurationList = 9FE7A4FC2192B1FD0059C131 /* Build configuration list for PBXProject "rouletteApp" */;
			compatibilityVersion = "Xcode 9.3";
			developmentRegion = en;
			hasScannedForEncodings = 0;
			knownRegions = (
				en,
				Base,
			);
			mainGroup = 9FE7A4F82192B1FD0059C131;
			productRefGroup = 9FE7A5022192B1FD0059C131 /* Products */;
			projectDirPath = "";
			projectRoot = "";
			targets = (
				9FE7A5002192B1FD0059C131 /* rouletteApp */,
			);
		};
/* End PBXProject section */

/* Begin PBXResourcesBuildPhase section */
		9FE7A4FF2192B1FD0059C131 /* Resources */ = {
			isa = PBXResourcesBuildPhase;
			buildActionMask = 2147483647;
			files = (
				9FE7A50F2192B1FF0059C131 /* LaunchScreen.storyboard in Resources */,
				9F06AF552193C9AB00D088B9 /* waku.jpg in Resources */,
				9FE7A5192192B3F40059C131 /* finsish1.mp3 in Resources */,
				9FE7A50C2192B1FF0059C131 /* Assets.xcassets in Resources */,
				9FE7A51B2192C7C70059C131 /* ざわ.jpg in Resources */,
				9FE7A50A2192B1FD0059C131 /* Main.storyboard in Resources */,
				9FE7A5172192B3E90059C131 /* piko5.mp3 in Resources */,
			);
			runOnlyForDeploymentPostprocessing = 0;
		};
/* End PBXResourcesBuildPhase section */

/* Begin PBXShellScriptBuildPhase section */
		53256923D986ABD55AE51389 /* [CP] Embed Pods Frameworks */ = {
			isa = PBXShellScriptBuildPhase;
			buildActionMask = 2147483647;
			files = (
			);
			inputFileListPaths = (
			);
			inputPaths = (
				"${SRCROOT}/Pods/Target Support Files/Pods-rouletteApp/Pods-rouletteApp-frameworks.sh",
				"${BUILT_PRODUCTS_DIR}/LTMorphingLabel/LTMorphingLabel.framework",
			);
			name = "[CP] Embed Pods Frameworks";
			outputFileListPaths = (
			);
			outputPaths = (
				"${TARGET_BUILD_DIR}/${FRAMEWORKS_FOLDER_PATH}/LTMorphingLabel.framework",
			);
			runOnlyForDeploymentPostprocessing = 0;
			shellPath = /bin/sh;
			shellScript = "\"${SRCROOT}/Pods/Target Support Files/Pods-rouletteApp/Pods-rouletteApp-frameworks.sh\"\n";
			showEnvVarsInLog = 0;
		};
		BC0451FD978B259896C35A42 /* [CP] Check Pods Manifest.lock */ = {
			isa = PBXShellScriptBuildPhase;
			buildActionMask = 2147483647;
			files = (
			);
			inputFileListPaths = (
			);
			inputPaths = (
				"${PODS_PODFILE_DIR_PATH}/Podfile.lock",
				"${PODS_ROOT}/Manifest.lock",
			);
			name = "[CP] Check Pods Manifest.lock";
			outputFileListPaths = (
			);
			outputPaths = (
				"$(DERIVED_FILE_DIR)/Pods-rouletteApp-checkManifestLockResult.txt",
			);
			runOnlyForDeploymentPostprocessing = 0;
			shellPath = /bin/sh;
			shellScript = "diff \"${PODS_PODFILE_DIR_PATH}/Podfile.lock\" \"${PODS_ROOT}/Manifest.lock\" > /dev/null\nif [ $? != 0 ] ; then\n    # print error to STDERR\n    echo \"error: The sandbox is not in sync with the Podfile.lock. Run 'pod install' or update your CocoaPods installation.\" >&2\n    exit 1\nfi\n# This output is used by Xcode 'outputs' to avoid re-running this script phase.\necho \"SUCCESS\" > \"${SCRIPT_OUTPUT_FILE_0}\"\n";
			showEnvVarsInLog = 0;
		};
/* End PBXShellScriptBuildPhase section */

/* Begin PBXSourcesBuildPhase section */
		9FE7A4FD2192B1FD0059C131 /* Sources */ = {
			isa = PBXSourcesBuildPhase;
			buildActionMask = 2147483647;
			files = (
				9FE7A5072192B1FD0059C131 /* ViewController.swift in Sources */,
				9FE7A5052192B1FD0059C131 /* AppDelegate.swift in Sources */,
			);
			runOnlyForDeploymentPostprocessing = 0;
		};
/* End PBXSourcesBuildPhase section */

/* Begin PBXVariantGroup section */
		9FE7A5082192B1FD0059C131 /* Main.storyboard */ = {
			isa = PBXVariantGroup;
			children = (
				9FE7A5092192B1FD0059C131 /* Base */,
			);
			name = Main.storyboard;
			sourceTree = "<group>";
		};
		9FE7A50D2192B1FF0059C131 /* LaunchScreen.storyboard */ = {
			isa = PBXVariantGroup;
			children = (
				9FE7A50E2192B1FF0059C131 /* Base */,
			);
			name = LaunchScreen.storyboard;
			sourceTree = "<group>";
		};
/* End PBXVariantGroup section */

/* Begin XCBuildConfiguration section */
		9FE7A5112192B1FF0059C131 /* Debug */ = {
			isa = XCBuildConfiguration;
			buildSettings = {
				ALWAYS_SEARCH_USER_PATHS = NO;
				CLANG_ANALYZER_NONNULL = YES;
				CLANG_ANALYZER_NUMBER_OBJECT_CONVERSION = YES_AGGRESSIVE;
				CLANG_CXX_LANGUAGE_STANDARD = "gnu++14";
				CLANG_CXX_LIBRARY = "libc++";
				CLANG_ENABLE_MODULES = YES;
				CLANG_ENABLE_OBJC_ARC = YES;
				CLANG_ENABLE_OBJC_WEAK = YES;
				CLANG_WARN_BLOCK_CAPTURE_AUTORELEASING = YES;
				CLANG_WARN_BOOL_CONVERSION = YES;
				CLANG_WARN_COMMA = YES;
				CLANG_WARN_CONSTANT_CONVERSION = YES;
				CLANG_WARN_DEPRECATED_OBJC_IMPLEMENTATIONS = YES;
				CLANG_WARN_DIRECT_OBJC_ISA_USAGE = YES_ERROR;
				CLANG_WARN_DOCUMENTATION_COMMENTS = YES;
				CLANG_WARN_EMPTY_BODY = YES;
				CLANG_WARN_ENUM_CONVERSION = YES;
				CLANG_WARN_INFINITE_RECURSION = YES;
				CLANG_WARN_INT_CONVERSION = YES;
				CLANG_WARN_NON_LITERAL_NULL_CONVERSION = YES;
				CLANG_WARN_OBJC_IMPLICIT_RETAIN_SELF = YES;
				CLANG_WARN_OBJC_LITERAL_CONVERSION = YES;
				CLANG_WARN_OBJC_ROOT_CLASS = YES_ERROR;
				CLANG_WARN_RANGE_LOOP_ANALYSIS = YES;
				CLANG_WARN_STRICT_PROTOTYPES = YES;
				CLANG_WARN_SUSPICIOUS_MOVE = YES;
				CLANG_WARN_UNGUARDED_AVAILABILITY = YES_AGGRESSIVE;
				CLANG_WARN_UNREACHABLE_CODE = YES;
				CLANG_WARN__DUPLICATE_METHOD_MATCH = YES;
				CODE_SIGN_IDENTITY = "iPhone Developer";
				COPY_PHASE_STRIP = NO;
				DEBUG_INFORMATION_FORMAT = dwarf;
				ENABLE_STRICT_OBJC_MSGSEND = YES;
				ENABLE_TESTABILITY = YES;
				GCC_C_LANGUAGE_STANDARD = gnu11;
				GCC_DYNAMIC_NO_PIC = NO;
				GCC_NO_COMMON_BLOCKS = YES;
				GCC_OPTIMIZATION_LEVEL = 0;
				GCC_PREPROCESSOR_DEFINITIONS = (
					"DEBUG=1",
					"$(inherited)",
				);
				GCC_WARN_64_TO_32_BIT_CONVERSION = YES;
				GCC_WARN_ABOUT_RETURN_TYPE = YES_ERROR;
				GCC_WARN_UNDECLARED_SELECTOR = YES;
				GCC_WARN_UNINITIALIZED_AUTOS = YES_AGGRESSIVE;
				GCC_WARN_UNUSED_FUNCTION = YES;
				GCC_WARN_UNUSED_VARIABLE = YES;
				IPHONEOS_DEPLOYMENT_TARGET = 12.0;
				MTL_ENABLE_DEBUG_INFO = INCLUDE_SOURCE;
				MTL_FAST_MATH = YES;
				ONLY_ACTIVE_ARCH = YES;
				SDKROOT = iphoneos;
				SWIFT_ACTIVE_COMPILATION_CONDITIONS = DEBUG;
				SWIFT_OPTIMIZATION_LEVEL = "-Onone";
			};
			name = Debug;
		};
		9FE7A5122192B1FF0059C131 /* Release */ = {
			isa = XCBuildConfiguration;
			buildSettings = {
				ALWAYS_SEARCH_USER_PATHS = NO;
				CLANG_ANALYZER_NONNULL = YES;
				CLANG_ANALYZER_NUMBER_OBJECT_CONVERSION = YES_AGGRESSIVE;
				CLANG_CXX_LANGUAGE_STANDARD = "gnu++14";
				CLANG_CXX_LIBRARY = "libc++";
				CLANG_ENABLE_MODULES = YES;
				CLANG_ENABLE_OBJC_ARC = YES;
				CLANG_ENABLE_OBJC_WEAK = YES;
				CLANG_WARN_BLOCK_CAPTURE_AUTORELEASING = YES;
				CLANG_WARN_BOOL_CONVERSION = YES;
				CLANG_WARN_COMMA = YES;
				CLANG_WARN_CONSTANT_CONVERSION = YES;
				CLANG_WARN_DEPRECATED_OBJC_IMPLEMENTATIONS = YES;
				CLANG_WARN_DIRECT_OBJC_ISA_USAGE = YES_ERROR;
				CLANG_WARN_DOCUMENTATION_COMMENTS = YES;
				CLANG_WARN_EMPTY_BODY = YES;
				CLANG_WARN_ENUM_CONVERSION = YES;
				CLANG_WARN_INFINITE_RECURSION = YES;
				CLANG_WARN_INT_CONVERSION = YES;
				CLANG_WARN_NON_LITERAL_NULL_CONVERSION = YES;
				CLANG_WARN_OBJC_IMPLICIT_RETAIN_SELF = YES;
				CLANG_WARN_OBJC_LITERAL_CONVERSION = YES;
				CLANG_WARN_OBJC_ROOT_CLASS = YES_ERROR;
				CLANG_WARN_RANGE_LOOP_ANALYSIS = YES;
				CLANG_WARN_STRICT_PROTOTYPES = YES;
				CLANG_WARN_SUSPICIOUS_MOVE = YES;
				CLANG_WARN_UNGUARDED_AVAILABILITY = YES_AGGRESSIVE;
				CLANG_WARN_UNREACHABLE_CODE = YES;
				CLANG_WARN__DUPLICATE_METHOD_MATCH = YES;
				CODE_SIGN_IDENTITY = "iPhone Developer";
				COPY_PHASE_STRIP = NO;
				DEBUG_INFORMATION_FORMAT = "dwarf-with-dsym";
				ENABLE_NS_ASSERTIONS = NO;
				ENABLE_STRICT_OBJC_MSGSEND = YES;
				GCC_C_LANGUAGE_STANDARD = gnu11;
				GCC_NO_COMMON_BLOCKS = YES;
				GCC_WARN_64_TO_32_BIT_CONVERSION = YES;
				GCC_WARN_ABOUT_RETURN_TYPE = YES_ERROR;
				GCC_WARN_UNDECLARED_SELECTOR = YES;
				GCC_WARN_UNINITIALIZED_AUTOS = YES_AGGRESSIVE;
				GCC_WARN_UNUSED_FUNCTION = YES;
				GCC_WARN_UNUSED_VARIABLE = YES;
				IPHONEOS_DEPLOYMENT_TARGET = 12.0;
				MTL_ENABLE_DEBUG_INFO = NO;
				MTL_FAST_MATH = YES;
				SDKROOT = iphoneos;
				SWIFT_COMPILATION_MODE = wholemodule;
				SWIFT_OPTIMIZATION_LEVEL = "-O";
				VALIDATE_PRODUCT = YES;
			};
			name = Release;
		};
		9FE7A5142192B1FF0059C131 /* Debug */ = {
			isa = XCBuildConfiguration;
			baseConfigurationReference = B735BBFAF3C3A4130FD41463 /* Pods-rouletteApp.debug.xcconfig */;
			buildSettings = {
				ASSETCATALOG_COMPILER_APPICON_NAME = AppIcon;
				CODE_SIGN_STYLE = Automatic;
				DEVELOPMENT_TEAM = Z4YRLFNC4B;
				INFOPLIST_FILE = rouletteApp/Info.plist;
				LD_RUNPATH_SEARCH_PATHS = (
					"$(inherited)",
					"@executable_path/Frameworks",
				);
				PRODUCT_BUNDLE_IDENTIFIER = hiromu.rouletteApp;
				PRODUCT_NAME = "$(TARGET_NAME)";
				SWIFT_VERSION = 4.2;
				TARGETED_DEVICE_FAMILY = "1,2";
			};
			name = Debug;
		};
		9FE7A5152192B1FF0059C131 /* Release */ = {
			isa = XCBuildConfiguration;
			baseConfigurationReference = EC8E5FDAAFC86F58AF78C96B /* Pods-rouletteApp.release.xcconfig */;
			buildSettings = {
				ASSETCATALOG_COMPILER_APPICON_NAME = AppIcon;
				CODE_SIGN_STYLE = Automatic;
				DEVELOPMENT_TEAM = Z4YRLFNC4B;
				INFOPLIST_FILE = rouletteApp/Info.plist;
				LD_RUNPATH_SEARCH_PATHS = (
					"$(inherited)",
					"@executable_path/Frameworks",
				);
				PRODUCT_BUNDLE_IDENTIFIER = hiromu.rouletteApp;
				PRODUCT_NAME = "$(TARGET_NAME)";
				SWIFT_VERSION = 4.2;
				TARGETED_DEVICE_FAMILY = "1,2";
			};
			name = Release;
		};
/* End XCBuildConfiguration section */

/* Begin XCConfigurationList section */
		9FE7A4FC2192B1FD0059C131 /* Build configuration list for PBXProject "rouletteApp" */ = {
			isa = XCConfigurationList;
			buildConfigurations = (
				9FE7A5112192B1FF0059C131 /* Debug */,
				9FE7A5122192B1FF0059C131 /* Release */,
			);
			defaultConfigurationIsVisible = 0;
			defaultConfigurationName = Release;
		};
		9FE7A5132192B1FF0059C131 /* Build configuration list for PBXNativeTarget "rouletteApp" */ = {
			isa = XCConfigurationList;
			buildConfigurations = (
				9FE7A5142192B1FF0059C131 /* Debug */,
				9FE7A5152192B1FF0059C131 /* Release */,
			);
			defaultConfigurationIsVisible = 0;
			defaultConfigurationName = Release;
		};
/* End XCConfigurationList section */
	};
	rootObject = 9FE7A4F92192B1FD0059C131 /* Project object */;
}
